
Microsoft Visual Studio Solution File, Format Version 12.00
# Visual Studio Version 17
VisualStudioVersion = 17.10.35013.160
MinimumVisualStudioVersion = 10.0.40219.1
Project("{9A19103F-16F7-4668-BE54-9A1E7A4F7556}") = "CotizaHoyAPI", "CotizaHoyAPI.csproj", "{68B502B8-7185-47D3-9B23-996A14623776}"
EndProject
Global
	GlobalSection(SolutionConfigurationPlatforms) = preSolution
		Debug|Any CPU = Debug|Any CPU
		Release|Any CPU = Release|Any CPU
	EndGlobalSection
	GlobalSection(ProjectConfigurationPlatforms) = postSolution
		{68B502B8-7185-47D3-9B23-996A14623776}.Debug|Any CPU.ActiveCfg = Debug|Any CPU
		{68B502B8-7185-47D3-9B23-996A14623776}.Debug|Any CPU.Build.0 = Debug|Any CPU
		{68B502B8-7185-47D3-9B23-996A14623776}.Release|Any CPU.ActiveCfg = Release|Any CPU
		{68B502B8-7185-47D3-9B23-996A14623776}.Release|Any CPU.Build.0 = Release|Any CPU
	EndGlobalSection
	GlobalSection(SolutionProperties) = preSolution
		HideSolutionNode = FALSE
	EndGlobalSection
	GlobalSection(ExtensibilityGlobals) = postSolution
		SolutionGuid = {63B89BE0-EEC9-4CF1-BB08-35A62574DD1B}
	EndGlobalSection
EndGlobal
